// !$*UTF8*$!
{
	archiveVersion = 1;
	classes = {
	};
	objectVersion = 56;
	objects = {

/* Begin PBXBuildFile section */
		E65D40F12BABF648002585B0 /* AppDelegate.swift in Sources */ = {isa = PBXBuildFile; fileRef = E65D40F02BABF648002585B0 /* AppDelegate.swift */; };
		E65D40F32BABF648002585B0 /* SceneDelegate.swift in Sources */ = {isa = PBXBuildFile; fileRef = E65D40F22BABF648002585B0 /* SceneDelegate.swift */; };
		E65D40F52BABF648002585B0 /* HomeViewController.swift in Sources */ = {isa = PBXBuildFile; fileRef = E65D40F42BABF648002585B0 /* HomeViewController.swift */; };
		E65D40F82BABF648002585B0 /* Base in Resources */ = {isa = PBXBuildFile; fileRef = E65D40F72BABF648002585B0 /* Base */; };
		E65D40FA2BABF649002585B0 /* Assets.xcassets in Resources */ = {isa = PBXBuildFile; fileRef = E65D40F92BABF649002585B0 /* Assets.xcassets */; };
		E65D40FD2BABF649002585B0 /* Base in Resources */ = {isa = PBXBuildFile; fileRef = E65D40FC2BABF649002585B0 /* Base */; };
		E65D410B2BABF744002585B0 /* ExtensionVC.swift in Sources */ = {isa = PBXBuildFile; fileRef = E65D410A2BABF744002585B0 /* ExtensionVC.swift */; };
		E65D410D2BABF764002585B0 /* ExtensionView.swift in Sources */ = {isa = PBXBuildFile; fileRef = E65D410C2BABF764002585B0 /* ExtensionView.swift */; };
		E65D410F2BABF784002585B0 /* CardModel.swift in Sources */ = {isa = PBXBuildFile; fileRef = E65D410E2BABF784002585B0 /* CardModel.swift */; };
		E65D41112BABF795002585B0 /* WorkoutModel.swift in Sources */ = {isa = PBXBuildFile; fileRef = E65D41102BABF795002585B0 /* WorkoutModel.swift */; };
		E65D41132BABF7A6002585B0 /* ImageModel.swift in Sources */ = {isa = PBXBuildFile; fileRef = E65D41122BABF7A6002585B0 /* ImageModel.swift */; };
		E65D41152BABF9E0002585B0 /* SettingViewController.swift in Sources */ = {isa = PBXBuildFile; fileRef = E65D41142BABF9E0002585B0 /* SettingViewController.swift */; };
		E65D41172BABF9EC002585B0 /* MyPageViewController.swift in Sources */ = {isa = PBXBuildFile; fileRef = E65D41162BABF9EC002585B0 /* MyPageViewController.swift */; };
		E65D41192BABFC66002585B0 /* TabBarVC.swift in Sources */ = {isa = PBXBuildFile; fileRef = E65D41182BABFC66002585B0 /* TabBarVC.swift */; };
		E65D411B2BABFF5F002585B0 /* WorkoutViewController.swift in Sources */ = {isa = PBXBuildFile; fileRef = E65D411A2BABFF5F002585B0 /* WorkoutViewController.swift */; };
		E65D411D2BABFF80002585B0 /* DescriptionViewController.swift in Sources */ = {isa = PBXBuildFile; fileRef = E65D411C2BABFF80002585B0 /* DescriptionViewController.swift */; };
		E65D411F2BAC0121002585B0 /* HomeView.swift in Sources */ = {isa = PBXBuildFile; fileRef = E65D411E2BAC0121002585B0 /* HomeView.swift */; };
		E65D41212BAC06D2002585B0 /* SettingView.swift in Sources */ = {isa = PBXBuildFile; fileRef = E65D41202BAC06D2002585B0 /* SettingView.swift */; };
		E65D41232BAC0720002585B0 /* MyPageView.swift in Sources */ = {isa = PBXBuildFile; fileRef = E65D41222BAC0720002585B0 /* MyPageView.swift */; };
		E65D41252BAC073A002585B0 /* WorkoutView.swift in Sources */ = {isa = PBXBuildFile; fileRef = E65D41242BAC073A002585B0 /* WorkoutView.swift */; };
		E65D41272BAC074B002585B0 /* DescriptionView.swift in Sources */ = {isa = PBXBuildFile; fileRef = E65D41262BAC074B002585B0 /* DescriptionView.swift */; };
		E65D41292BAC0766002585B0 /* HomeViewModel.swift in Sources */ = {isa = PBXBuildFile; fileRef = E65D41282BAC0766002585B0 /* HomeViewModel.swift */; };
		E65D412B2BAC0785002585B0 /* SettingViewModel.swift in Sources */ = {isa = PBXBuildFile; fileRef = E65D412A2BAC0785002585B0 /* SettingViewModel.swift */; };
		E65D412D2BAC0791002585B0 /* MyPageViewModel.swift in Sources */ = {isa = PBXBuildFile; fileRef = E65D412C2BAC0791002585B0 /* MyPageViewModel.swift */; };
		E65D412F2BAC079B002585B0 /* WorkoutViewModel.swift in Sources */ = {isa = PBXBuildFile; fileRef = E65D412E2BAC079B002585B0 /* WorkoutViewModel.swift */; };
		E65D41312BAC07A5002585B0 /* DescriptionViewModel.swift in Sources */ = {isa = PBXBuildFile; fileRef = E65D41302BAC07A5002585B0 /* DescriptionViewModel.swift */; };
		E65D41352BAD8217002585B0 /* UpperCell.swift in Sources */ = {isa = PBXBuildFile; fileRef = E65D41332BAD8217002585B0 /* UpperCell.swift */; };
		E65D41362BAD8217002585B0 /* UpperCell.xib in Resources */ = {isa = PBXBuildFile; fileRef = E65D41342BAD8217002585B0 /* UpperCell.xib */; };
		E65D41392BAD8223002585B0 /* LowerCell.swift in Sources */ = {isa = PBXBuildFile; fileRef = E65D41372BAD8223002585B0 /* LowerCell.swift */; };
		E65D413A2BAD8223002585B0 /* LowerCell.xib in Resources */ = {isa = PBXBuildFile; fileRef = E65D41382BAD8223002585B0 /* LowerCell.xib */; };
/* End PBXBuildFile section */

/* Begin PBXFileReference section */
		E65D40ED2BABF648002585B0 /* LegDay.app */ = {isa = PBXFileReference; explicitFileType = wrapper.application; includeInIndex = 0; path = LegDay.app; sourceTree = BUILT_PRODUCTS_DIR; };
		E65D40F02BABF648002585B0 /* AppDelegate.swift */ = {isa = PBXFileReference; lastKnownFileType = sourcecode.swift; path = AppDelegate.swift; sourceTree = "<group>"; };
		E65D40F22BABF648002585B0 /* SceneDelegate.swift */ = {isa = PBXFileReference; lastKnownFileType = sourcecode.swift; path = SceneDelegate.swift; sourceTree = "<group>"; };
		E65D40F42BABF648002585B0 /* HomeViewController.swift */ = {isa = PBXFileReference; lastKnownFileType = sourcecode.swift; path = HomeViewController.swift; sourceTree = "<group>"; };
		E65D40F72BABF648002585B0 /* Base */ = {isa = PBXFileReference; lastKnownFileType = file.storyboard; name = Base; path = Base.lproj/Main.storyboard; sourceTree = "<group>"; };
		E65D40F92BABF649002585B0 /* Assets.xcassets */ = {isa = PBXFileReference; lastKnownFileType = folder.assetcatalog; path = Assets.xcassets; sourceTree = "<group>"; };
		E65D40FC2BABF649002585B0 /* Base */ = {isa = PBXFileReference; lastKnownFileType = file.storyboard; name = Base; path = Base.lproj/LaunchScreen.storyboard; sourceTree = "<group>"; };
		E65D40FE2BABF649002585B0 /* Info.plist */ = {isa = PBXFileReference; lastKnownFileType = text.plist.xml; path = Info.plist; sourceTree = "<group>"; };
		E65D410A2BABF744002585B0 /* ExtensionVC.swift */ = {isa = PBXFileReference; lastKnownFileType = sourcecode.swift; path = ExtensionVC.swift; sourceTree = "<group>"; };
		E65D410C2BABF764002585B0 /* ExtensionView.swift */ = {isa = PBXFileReference; lastKnownFileType = sourcecode.swift; path = ExtensionView.swift; sourceTree = "<group>"; };
		E65D410E2BABF784002585B0 /* CardModel.swift */ = {isa = PBXFileReference; lastKnownFileType = sourcecode.swift; path = CardModel.swift; sourceTree = "<group>"; };
		E65D41102BABF795002585B0 /* WorkoutModel.swift */ = {isa = PBXFileReference; lastKnownFileType = sourcecode.swift; path = WorkoutModel.swift; sourceTree = "<group>"; };
		E65D41122BABF7A6002585B0 /* ImageModel.swift */ = {isa = PBXFileReference; lastKnownFileType = sourcecode.swift; path = ImageModel.swift; sourceTree = "<group>"; };
		E65D41142BABF9E0002585B0 /* SettingViewController.swift */ = {isa = PBXFileReference; lastKnownFileType = sourcecode.swift; path = SettingViewController.swift; sourceTree = "<group>"; };
		E65D41162BABF9EC002585B0 /* MyPageViewController.swift */ = {isa = PBXFileReference; lastKnownFileType = sourcecode.swift; path = MyPageViewController.swift; sourceTree = "<group>"; };
		E65D41182BABFC66002585B0 /* TabBarVC.swift */ = {isa = PBXFileReference; lastKnownFileType = sourcecode.swift; path = TabBarVC.swift; sourceTree = "<group>"; };
		E65D411A2BABFF5F002585B0 /* WorkoutViewController.swift */ = {isa = PBXFileReference; lastKnownFileType = sourcecode.swift; path = WorkoutViewController.swift; sourceTree = "<group>"; };
		E65D411C2BABFF80002585B0 /* DescriptionViewController.swift */ = {isa = PBXFileReference; lastKnownFileType = sourcecode.swift; path = DescriptionViewController.swift; sourceTree = "<group>"; };
		E65D411E2BAC0121002585B0 /* HomeView.swift */ = {isa = PBXFileReference; lastKnownFileType = sourcecode.swift; path = HomeView.swift; sourceTree = "<group>"; };
		E65D41202BAC06D2002585B0 /* SettingView.swift */ = {isa = PBXFileReference; lastKnownFileType = sourcecode.swift; path = SettingView.swift; sourceTree = "<group>"; };
		E65D41222BAC0720002585B0 /* MyPageView.swift */ = {isa = PBXFileReference; lastKnownFileType = sourcecode.swift; path = MyPageView.swift; sourceTree = "<group>"; };
		E65D41242BAC073A002585B0 /* WorkoutView.swift */ = {isa = PBXFileReference; lastKnownFileType = sourcecode.swift; path = WorkoutView.swift; sourceTree = "<group>"; };
		E65D41262BAC074B002585B0 /* DescriptionView.swift */ = {isa = PBXFileReference; lastKnownFileType = sourcecode.swift; path = DescriptionView.swift; sourceTree = "<group>"; };
		E65D41282BAC0766002585B0 /* HomeViewModel.swift */ = {isa = PBXFileReference; lastKnownFileType = sourcecode.swift; path = HomeViewModel.swift; sourceTree = "<group>"; };
		E65D412A2BAC0785002585B0 /* SettingViewModel.swift */ = {isa = PBXFileReference; lastKnownFileType = sourcecode.swift; path = SettingViewModel.swift; sourceTree = "<group>"; };
		E65D412C2BAC0791002585B0 /* MyPageViewModel.swift */ = {isa = PBXFileReference; lastKnownFileType = sourcecode.swift; path = MyPageViewModel.swift; sourceTree = "<group>"; };
		E65D412E2BAC079B002585B0 /* WorkoutViewModel.swift */ = {isa = PBXFileReference; lastKnownFileType = sourcecode.swift; path = WorkoutViewModel.swift; sourceTree = "<group>"; };
		E65D41302BAC07A5002585B0 /* DescriptionViewModel.swift */ = {isa = PBXFileReference; lastKnownFileType = sourcecode.swift; path = DescriptionViewModel.swift; sourceTree = "<group>"; };
		E65D41332BAD8217002585B0 /* UpperCell.swift */ = {isa = PBXFileReference; lastKnownFileType = sourcecode.swift; path = UpperCell.swift; sourceTree = "<group>"; };
		E65D41342BAD8217002585B0 /* UpperCell.xib */ = {isa = PBXFileReference; lastKnownFileType = file.xib; path = UpperCell.xib; sourceTree = "<group>"; };
		E65D41372BAD8223002585B0 /* LowerCell.swift */ = {isa = PBXFileReference; lastKnownFileType = sourcecode.swift; path = LowerCell.swift; sourceTree = "<group>"; };
		E65D41382BAD8223002585B0 /* LowerCell.xib */ = {isa = PBXFileReference; lastKnownFileType = file.xib; path = LowerCell.xib; sourceTree = "<group>"; };
/* End PBXFileReference section */

/* Begin PBXFrameworksBuildPhase section */
		E65D40EA2BABF648002585B0 /* Frameworks */ = {
			isa = PBXFrameworksBuildPhase;
			buildActionMask = 2147483647;
			files = (
			);
			runOnlyForDeploymentPostprocessing = 0;
		};
/* End PBXFrameworksBuildPhase section */

/* Begin PBXGroup section */
		E65D40E42BABF648002585B0 = {
			isa = PBXGroup;
			children = (
				E65D40EF2BABF648002585B0 /* LegDay */,
				E65D40EE2BABF648002585B0 /* Products */,
			);
			sourceTree = "<group>";
		};
		E65D40EE2BABF648002585B0 /* Products */ = {
			isa = PBXGroup;
			children = (
				E65D40ED2BABF648002585B0 /* LegDay.app */,
			);
			name = Products;
			sourceTree = "<group>";
		};
		E65D40EF2BABF648002585B0 /* LegDay */ = {
			isa = PBXGroup;
			children = (
				E65D41092BABF6FA002585B0 /* Controllers */,
				E65D41082BABF6F3002585B0 /* Views */,
				E65D41072BABF6EC002585B0 /* ViewModels */,
				E65D41062BABF6E5002585B0 /* Models */,
				E65D41052BABF6D1002585B0 /* AppDelegate */,
				E65D41042BABF6C5002585B0 /* Resources */,
				E65D40FE2BABF649002585B0 /* Info.plist */,
			);
			path = LegDay;
			sourceTree = "<group>";
		};
		E65D41042BABF6C5002585B0 /* Resources */ = {
			isa = PBXGroup;
			children = (
				E65D40F92BABF649002585B0 /* Assets.xcassets */,
			);
			path = Resources;
			sourceTree = "<group>";
		};
		E65D41052BABF6D1002585B0 /* AppDelegate */ = {
			isa = PBXGroup;
			children = (
				E65D40F02BABF648002585B0 /* AppDelegate.swift */,
				E65D40F22BABF648002585B0 /* SceneDelegate.swift */,
			);
			path = AppDelegate;
			sourceTree = "<group>";
		};
		E65D41062BABF6E5002585B0 /* Models */ = {
			isa = PBXGroup;
			children = (
				E65D410E2BABF784002585B0 /* CardModel.swift */,
				E65D41102BABF795002585B0 /* WorkoutModel.swift */,
				E65D41122BABF7A6002585B0 /* ImageModel.swift */,
			);
			path = Models;
			sourceTree = "<group>";
		};
		E65D41072BABF6EC002585B0 /* ViewModels */ = {
			isa = PBXGroup;
			children = (
				E65D41282BAC0766002585B0 /* HomeViewModel.swift */,
				E65D412E2BAC079B002585B0 /* WorkoutViewModel.swift */,
				E65D412A2BAC0785002585B0 /* SettingViewModel.swift */,
				E65D412C2BAC0791002585B0 /* MyPageViewModel.swift */,
				E65D41302BAC07A5002585B0 /* DescriptionViewModel.swift */,
			);
			path = ViewModels;
			sourceTree = "<group>";
		};
		E65D41082BABF6F3002585B0 /* Views */ = {
			isa = PBXGroup;
			children = (
				E65D410C2BABF764002585B0 /* ExtensionView.swift */,
				E65D40FB2BABF649002585B0 /* LaunchScreen.storyboard */,
				E65D40F62BABF648002585B0 /* Main.storyboard */,
				E65D411E2BAC0121002585B0 /* HomeView.swift */,
				E65D41242BAC073A002585B0 /* WorkoutView.swift */,
				E65D41202BAC06D2002585B0 /* SettingView.swift */,
				E65D41322BAD81E3002585B0 /* CollectionViewCells */,
				E65D41222BAC0720002585B0 /* MyPageView.swift */,
				E65D41262BAC074B002585B0 /* DescriptionView.swift */,
			);
			path = Views;
			sourceTree = "<group>";
		};
		E65D41092BABF6FA002585B0 /* Controllers */ = {
			isa = PBXGroup;
			children = (
				E65D410A2BABF744002585B0 /* ExtensionVC.swift */,
				E65D41182BABFC66002585B0 /* TabBarVC.swift */,
				E65D40F42BABF648002585B0 /* HomeViewController.swift */,
				E65D411A2BABFF5F002585B0 /* WorkoutViewController.swift */,
				E65D41142BABF9E0002585B0 /* SettingViewController.swift */,
				E65D41162BABF9EC002585B0 /* MyPageViewController.swift */,
				E65D411C2BABFF80002585B0 /* DescriptionViewController.swift */,
			);
			path = Controllers;
			sourceTree = "<group>";
		};
		E65D41322BAD81E3002585B0 /* CollectionViewCells */ = {
			isa = PBXGroup;
			children = (
				E65D41332BAD8217002585B0 /* UpperCell.swift */,
				E65D41342BAD8217002585B0 /* UpperCell.xib */,
				E65D41372BAD8223002585B0 /* LowerCell.swift */,
				E65D41382BAD8223002585B0 /* LowerCell.xib */,
			);
			path = CollectionViewCells;
			sourceTree = "<group>";
		};
/* End PBXGroup section */

/* Begin PBXNativeTarget section */
		E65D40EC2BABF648002585B0 /* LegDay */ = {
			isa = PBXNativeTarget;
			buildConfigurationList = E65D41012BABF649002585B0 /* Build configuration list for PBXNativeTarget "LegDay" */;
			buildPhases = (
				E65D40E92BABF648002585B0 /* Sources */,
				E65D40EA2BABF648002585B0 /* Frameworks */,
				E65D40EB2BABF648002585B0 /* Resources */,
			);
			buildRules = (
			);
			dependencies = (
			);
			name = LegDay;
			productName = LegDay;
			productReference = E65D40ED2BABF648002585B0 /* LegDay.app */;
			productType = "com.apple.product-type.application";
		};
/* End PBXNativeTarget section */

/* Begin PBXProject section */
		E65D40E52BABF648002585B0 /* Project object */ = {
			isa = PBXProject;
			attributes = {
				BuildIndependentTargetsInParallel = 1;
				LastSwiftUpdateCheck = 1530;
				LastUpgradeCheck = 1530;
				TargetAttributes = {
					E65D40EC2BABF648002585B0 = {
						CreatedOnToolsVersion = 15.3;
					};
				};
			};
			buildConfigurationList = E65D40E82BABF648002585B0 /* Build configuration list for PBXProject "LegDay" */;
			compatibilityVersion = "Xcode 14.0";
			developmentRegion = en;
			hasScannedForEncodings = 0;
			knownRegions = (
				en,
				Base,
			);
			mainGroup = E65D40E42BABF648002585B0;
			productRefGroup = E65D40EE2BABF648002585B0 /* Products */;
			projectDirPath = "";
			projectRoot = "";
			targets = (
				E65D40EC2BABF648002585B0 /* LegDay */,
			);
		};
/* End PBXProject section */

/* Begin PBXResourcesBuildPhase section */
		E65D40EB2BABF648002585B0 /* Resources */ = {
			isa = PBXResourcesBuildPhase;
			buildActionMask = 2147483647;
			files = (
				E65D40FA2BABF649002585B0 /* Assets.xcassets in Resources */,
				E65D40FD2BABF649002585B0 /* Base in Resources */,
				E65D413A2BAD8223002585B0 /* LowerCell.xib in Resources */,
				E65D41362BAD8217002585B0 /* UpperCell.xib in Resources */,
				E65D40F82BABF648002585B0 /* Base in Resources */,
			);
			runOnlyForDeploymentPostprocessing = 0;
		};
/* End PBXResourcesBuildPhase section */

/* Begin PBXSourcesBuildPhase section */
		E65D40E92BABF648002585B0 /* Sources */ = {
			isa = PBXSourcesBuildPhase;
			buildActionMask = 2147483647;
			files = (
				E65D41292BAC0766002585B0 /* HomeViewModel.swift in Sources */,
				E65D411B2BABFF5F002585B0 /* WorkoutViewController.swift in Sources */,
				E65D41312BAC07A5002585B0 /* DescriptionViewModel.swift in Sources */,
				E65D411F2BAC0121002585B0 /* HomeView.swift in Sources */,
				E65D40F52BABF648002585B0 /* HomeViewController.swift in Sources */,
				E65D41272BAC074B002585B0 /* DescriptionView.swift in Sources */,
				E65D411D2BABFF80002585B0 /* DescriptionViewController.swift in Sources */,
				E65D412F2BAC079B002585B0 /* WorkoutViewModel.swift in Sources */,
				E65D410D2BABF764002585B0 /* ExtensionView.swift in Sources */,
				E65D40F12BABF648002585B0 /* AppDelegate.swift in Sources */,
				E65D41212BAC06D2002585B0 /* SettingView.swift in Sources */,
				E65D41112BABF795002585B0 /* WorkoutModel.swift in Sources */,
				E65D41392BAD8223002585B0 /* LowerCell.swift in Sources */,
				E65D410B2BABF744002585B0 /* ExtensionVC.swift in Sources */,
				E65D41252BAC073A002585B0 /* WorkoutView.swift in Sources */,
				E65D41232BAC0720002585B0 /* MyPageView.swift in Sources */,
				E65D41172BABF9EC002585B0 /* MyPageViewController.swift in Sources */,
				E65D41152BABF9E0002585B0 /* SettingViewController.swift in Sources */,
				E65D412B2BAC0785002585B0 /* SettingViewModel.swift in Sources */,
				E65D40F32BABF648002585B0 /* SceneDelegate.swift in Sources */,
				E65D412D2BAC0791002585B0 /* MyPageViewModel.swift in Sources */,
				E65D41192BABFC66002585B0 /* TabBarVC.swift in Sources */,
				E65D410F2BABF784002585B0 /* CardModel.swift in Sources */,
				E65D41352BAD8217002585B0 /* UpperCell.swift in Sources */,
				E65D41132BABF7A6002585B0 /* ImageModel.swift in Sources */,
			);
			runOnlyForDeploymentPostprocessing = 0;
		};
/* End PBXSourcesBuildPhase section */

/* Begin PBXVariantGroup section */
		E65D40F62BABF648002585B0 /* Main.storyboard */ = {
			isa = PBXVariantGroup;
			children = (
				E65D40F72BABF648002585B0 /* Base */,
			);
			name = Main.storyboard;
			sourceTree = "<group>";
		};
		E65D40FB2BABF649002585B0 /* LaunchScreen.storyboard */ = {
			isa = PBXVariantGroup;
			children = (
				E65D40FC2BABF649002585B0 /* Base */,
			);
			name = LaunchScreen.storyboard;
			sourceTree = "<group>";
		};
/* End PBXVariantGroup section */

/* Begin XCBuildConfiguration section */
		E65D40FF2BABF649002585B0 /* Debug */ = {
			isa = XCBuildConfiguration;
			buildSettings = {
				ALWAYS_SEARCH_USER_PATHS = NO;
				ASSETCATALOG_COMPILER_GENERATE_SWIFT_ASSET_SYMBOL_EXTENSIONS = YES;
				CLANG_ANALYZER_NONNULL = YES;
				CLANG_ANALYZER_NUMBER_OBJECT_CONVERSION = YES_AGGRESSIVE;
				CLANG_CXX_LANGUAGE_STANDARD = "gnu++20";
				CLANG_ENABLE_MODULES = YES;
				CLANG_ENABLE_OBJC_ARC = YES;
				CLANG_ENABLE_OBJC_WEAK = YES;
				CLANG_WARN_BLOCK_CAPTURE_AUTORELEASING = YES;
				CLANG_WARN_BOOL_CONVERSION = YES;
				CLANG_WARN_COMMA = YES;
				CLANG_WARN_CONSTANT_CONVERSION = YES;
				CLANG_WARN_DEPRECATED_OBJC_IMPLEMENTATIONS = YES;
				CLANG_WARN_DIRECT_OBJC_ISA_USAGE = YES_ERROR;
				CLANG_WARN_DOCUMENTATION_COMMENTS = YES;
				CLANG_WARN_EMPTY_BODY = YES;
				CLANG_WARN_ENUM_CONVERSION = YES;
				CLANG_WARN_INFINITE_RECURSION = YES;
				CLANG_WARN_INT_CONVERSION = YES;
				CLANG_WARN_NON_LITERAL_NULL_CONVERSION = YES;
				CLANG_WARN_OBJC_IMPLICIT_RETAIN_SELF = YES;
				CLANG_WARN_OBJC_LITERAL_CONVERSION = YES;
				CLANG_WARN_OBJC_ROOT_CLASS = YES_ERROR;
				CLANG_WARN_QUOTED_INCLUDE_IN_FRAMEWORK_HEADER = YES;
				CLANG_WARN_RANGE_LOOP_ANALYSIS = YES;
				CLANG_WARN_STRICT_PROTOTYPES = YES;
				CLANG_WARN_SUSPICIOUS_MOVE = YES;
				CLANG_WARN_UNGUARDED_AVAILABILITY = YES_AGGRESSIVE;
				CLANG_WARN_UNREACHABLE_CODE = YES;
				CLANG_WARN__DUPLICATE_METHOD_MATCH = YES;
				COPY_PHASE_STRIP = NO;
				DEBUG_INFORMATION_FORMAT = dwarf;
				ENABLE_STRICT_OBJC_MSGSEND = YES;
				ENABLE_TESTABILITY = YES;
				ENABLE_USER_SCRIPT_SANDBOXING = YES;
				GCC_C_LANGUAGE_STANDARD = gnu17;
				GCC_DYNAMIC_NO_PIC = NO;
				GCC_NO_COMMON_BLOCKS = YES;
				GCC_OPTIMIZATION_LEVEL = 0;
				GCC_PREPROCESSOR_DEFINITIONS = (
					"DEBUG=1",
					"$(inherited)",
				);
				GCC_WARN_64_TO_32_BIT_CONVERSION = YES;
				GCC_WARN_ABOUT_RETURN_TYPE = YES_ERROR;
				GCC_WARN_UNDECLARED_SELECTOR = YES;
				GCC_WARN_UNINITIALIZED_AUTOS = YES_AGGRESSIVE;
				GCC_WARN_UNUSED_FUNCTION = YES;
				GCC_WARN_UNUSED_VARIABLE = YES;
				IPHONEOS_DEPLOYMENT_TARGET = 17.4;
				LOCALIZATION_PREFERS_STRING_CATALOGS = YES;
				MTL_ENABLE_DEBUG_INFO = INCLUDE_SOURCE;
				MTL_FAST_MATH = YES;
				ONLY_ACTIVE_ARCH = YES;
				SDKROOT = iphoneos;
				SWIFT_ACTIVE_COMPILATION_CONDITIONS = "DEBUG $(inherited)";
				SWIFT_OPTIMIZATION_LEVEL = "-Onone";
			};
			name = Debug;
		};
		E65D41002BABF649002585B0 /* Release */ = {
			isa = XCBuildConfiguration;
			buildSettings = {
				ALWAYS_SEARCH_USER_PATHS = NO;
				ASSETCATALOG_COMPILER_GENERATE_SWIFT_ASSET_SYMBOL_EXTENSIONS = YES;
				CLANG_ANALYZER_NONNULL = YES;
				CLANG_ANALYZER_NUMBER_OBJECT_CONVERSION = YES_AGGRESSIVE;
				CLANG_CXX_LANGUAGE_STANDARD = "gnu++20";
				CLANG_ENABLE_MODULES = YES;
				CLANG_ENABLE_OBJC_ARC = YES;
				CLANG_ENABLE_OBJC_WEAK = YES;
				CLANG_WARN_BLOCK_CAPTURE_AUTORELEASING = YES;
				CLANG_WARN_BOOL_CONVERSION = YES;
				CLANG_WARN_COMMA = YES;
				CLANG_WARN_CONSTANT_CONVERSION = YES;
				CLANG_WARN_DEPRECATED_OBJC_IMPLEMENTATIONS = YES;
				CLANG_WARN_DIRECT_OBJC_ISA_USAGE = YES_ERROR;
				CLANG_WARN_DOCUMENTATION_COMMENTS = YES;
				CLANG_WARN_EMPTY_BODY = YES;
				CLANG_WARN_ENUM_CONVERSION = YES;
				CLANG_WARN_INFINITE_RECURSION = YES;
				CLANG_WARN_INT_CONVERSION = YES;
				CLANG_WARN_NON_LITERAL_NULL_CONVERSION = YES;
				CLANG_WARN_OBJC_IMPLICIT_RETAIN_SELF = YES;
				CLANG_WARN_OBJC_LITERAL_CONVERSION = YES;
				CLANG_WARN_OBJC_ROOT_CLASS = YES_ERROR;
				CLANG_WARN_QUOTED_INCLUDE_IN_FRAMEWORK_HEADER = YES;
				CLANG_WARN_RANGE_LOOP_ANALYSIS = YES;
				CLANG_WARN_STRICT_PROTOTYPES = YES;
				CLANG_WARN_SUSPICIOUS_MOVE = YES;
				CLANG_WARN_UNGUARDED_AVAILABILITY = YES_AGGRESSIVE;
				CLANG_WARN_UNREACHABLE_CODE = YES;
				CLANG_WARN__DUPLICATE_METHOD_MATCH = YES;
				COPY_PHASE_STRIP = NO;
				DEBUG_INFORMATION_FORMAT = "dwarf-with-dsym";
				ENABLE_NS_ASSERTIONS = NO;
				ENABLE_STRICT_OBJC_MSGSEND = YES;
				ENABLE_USER_SCRIPT_SANDBOXING = YES;
				GCC_C_LANGUAGE_STANDARD = gnu17;
				GCC_NO_COMMON_BLOCKS = YES;
				GCC_WARN_64_TO_32_BIT_CONVERSION = YES;
				GCC_WARN_ABOUT_RETURN_TYPE = YES_ERROR;
				GCC_WARN_UNDECLARED_SELECTOR = YES;
				GCC_WARN_UNINITIALIZED_AUTOS = YES_AGGRESSIVE;
				GCC_WARN_UNUSED_FUNCTION = YES;
				GCC_WARN_UNUSED_VARIABLE = YES;
				IPHONEOS_DEPLOYMENT_TARGET = 17.4;
				LOCALIZATION_PREFERS_STRING_CATALOGS = YES;
				MTL_ENABLE_DEBUG_INFO = NO;
				MTL_FAST_MATH = YES;
				SDKROOT = iphoneos;
				SWIFT_COMPILATION_MODE = wholemodule;
				VALIDATE_PRODUCT = YES;
			};
			name = Release;
		};
		E65D41022BABF649002585B0 /* Debug */ = {
			isa = XCBuildConfiguration;
			buildSettings = {
				ASSETCATALOG_COMPILER_APPICON_NAME = AppIcon;
				ASSETCATALOG_COMPILER_GLOBAL_ACCENT_COLOR_NAME = AccentColor;
				CODE_SIGN_STYLE = Automatic;
				CURRENT_PROJECT_VERSION = 1;
				DEVELOPMENT_TEAM = C3N2FXBXWT;
				GENERATE_INFOPLIST_FILE = YES;
				INFOPLIST_FILE = LegDay/Info.plist;
				INFOPLIST_KEY_UIApplicationSupportsIndirectInputEvents = YES;
				INFOPLIST_KEY_UILaunchStoryboardName = LaunchScreen;
				INFOPLIST_KEY_UIMainStoryboardFile = Main;
				INFOPLIST_KEY_UISupportedInterfaceOrientations_iPad = "UIInterfaceOrientationPortrait UIInterfaceOrientationPortraitUpsideDown UIInterfaceOrientationLandscapeLeft UIInterfaceOrientationLandscapeRight";
				INFOPLIST_KEY_UISupportedInterfaceOrientations_iPhone = "UIInterfaceOrientationPortrait UIInterfaceOrientationLandscapeLeft UIInterfaceOrientationLandscapeRight";
				LD_RUNPATH_SEARCH_PATHS = (
					"$(inherited)",
					"@executable_path/Frameworks",
				);
				MARKETING_VERSION = 1.0;
				PRODUCT_BUNDLE_IDENTIFIER = LeoKim.LegDay;
				PRODUCT_NAME = "$(TARGET_NAME)";
				SWIFT_EMIT_LOC_STRINGS = YES;
				SWIFT_VERSION = 5.0;
				TARGETED_DEVICE_FAMILY = "1,2";
			};
			name = Debug;
		};
		E65D41032BABF649002585B0 /* Release */ = {
			isa = XCBuildConfiguration;
			buildSettings = {
				ASSETCATALOG_COMPILER_APPICON_NAME = AppIcon;
				ASSETCATALOG_COMPILER_GLOBAL_ACCENT_COLOR_NAME = AccentColor;
				CODE_SIGN_STYLE = Automatic;
				CURRENT_PROJECT_VERSION = 1;
				DEVELOPMENT_TEAM = C3N2FXBXWT;
				GENERATE_INFOPLIST_FILE = YES;
				INFOPLIST_FILE = LegDay/Info.plist;
				INFOPLIST_KEY_UIApplicationSupportsIndirectInputEvents = YES;
				INFOPLIST_KEY_UILaunchStoryboardName = LaunchScreen;
				INFOPLIST_KEY_UIMainStoryboardFile = Main;
				INFOPLIST_KEY_UISupportedInterfaceOrientations_iPad = "UIInterfaceOrientationPortrait UIInterfaceOrientationPortraitUpsideDown UIInterfaceOrientationLandscapeLeft UIInterfaceOrientationLandscapeRight";
				INFOPLIST_KEY_UISupportedInterfaceOrientations_iPhone = "UIInterfaceOrientationPortrait UIInterfaceOrientationLandscapeLeft UIInterfaceOrientationLandscapeRight";
				LD_RUNPATH_SEARCH_PATHS = (
					"$(inherited)",
					"@executable_path/Frameworks",
				);
				MARKETING_VERSION = 1.0;
				PRODUCT_BUNDLE_IDENTIFIER = LeoKim.LegDay;
				PRODUCT_NAME = "$(TARGET_NAME)";
				SWIFT_EMIT_LOC_STRINGS = YES;
				SWIFT_VERSION = 5.0;
				TARGETED_DEVICE_FAMILY = "1,2";
			};
			name = Release;
		};
/* End XCBuildConfiguration section */

/* Begin XCConfigurationList section */
		E65D40E82BABF648002585B0 /* Build configuration list for PBXProject "LegDay" */ = {
			isa = XCConfigurationList;
			buildConfigurations = (
				E65D40FF2BABF649002585B0 /* Debug */,
				E65D41002BABF649002585B0 /* Release */,
			);
			defaultConfigurationIsVisible = 0;
			defaultConfigurationName = Release;
		};
		E65D41012BABF649002585B0 /* Build configuration list for PBXNativeTarget "LegDay" */ = {
			isa = XCConfigurationList;
			buildConfigurations = (
				E65D41022BABF649002585B0 /* Debug */,
				E65D41032BABF649002585B0 /* Release */,
			);
			defaultConfigurationIsVisible = 0;
			defaultConfigurationName = Release;
		};
/* End XCConfigurationList section */
	};
	rootObject = E65D40E52BABF648002585B0 /* Project object */;
}
